# This file is autogenerated, do not edit; changes may be undone by the next 'dep ensure'.


[[projects]]
  branch = "master"
  name = "github.com/go-gl/gl"
  packages = ["v2.1/gl"]
  revision = "f8cee0ff968a2dd4ef2786e7a4c843a451cd40a7"

# See https://github.com/go-gl/glfw/issues/166
# [[projects]]
#   branch = "master"
#   name = "github.com/go-gl/glfw"
#   packages = ["v3.2/glfw"]
#   revision = "513e4f2bf85c31fba0fc4907abd7895242ccbe50"

# See https://github.com/gopherjs/gopherjs/issues/415
# [[projects]]
#   branch = "master"
#   name = "github.com/gopherjs/gopherjs"
#   packages = ["js"]
#   revision = "82b322028c96512b15077093b16a5f1c7ea897ac"

[[projects]]
  branch = "master"
  name = "github.com/gopherjs/webgl"
  packages = ["."]
  revision = "4814cc33476aa4cf60c7a83841b0e21026951687"

[[projects]]
  branch = "master"
  name = "github.com/gopherjs/websocket"
  packages = [
    ".",
    "websocketjs"
  ]
  revision = "87ee47603f137e7f8419765b3621b3c36e715a08"

[[projects]]
  name = "github.com/gorilla/websocket"
  packages = ["."]
  revision = "ea4d1f681babbce9545c9c5f3d5194a789c89f5b"
  version = "v1.2.0"

[[projects]]
  branch = "master"
  name = "github.com/goxjs/gl"
  packages = ["."]
  revision = "dc8f4a9a3c9c14027d8813c5bd11ecd934370216"

[[projects]]
  branch = "master"
  name = "github.com/goxjs/glfw"
  packages = ["."]
  revision = "7dec05603e063fb88a9e0b2aa404ae840b9e911c"

[[projects]]
  branch = "master"
  name = "github.com/goxjs/websocket"
  packages = ["."]
  revision = "ac3da9cf08359580a3d46479e178f136c8f594d1"

[[projects]]
  branch = "master"
  name = "github.com/patrikeh/go-deep"
  packages = ["."]
  revision = "20ca96522659f5634327d19f2f6de2132e21262c"

[[projects]]
  name = "github.com/satori/go.uuid"
  packages = ["."]
  revision = "f58768cc1a7a7e77a3bd49e98cdd21419399b6a3"
  version = "v1.2.0"

[[projects]]
  branch = "master"
  name = "golang.org/x/mobile"
  packages = ["exp/f32"]
  revision = "54bca6061991cbde3139dc01ec713e2bba9cdb51"

[[projects]]
  branch = "master"
  name = "golang.org/x/net"
  packages = ["websocket"]
  revision = "b68f30494add4df6bd8ef5e82803f308e7f7c59c"

[[projects]]
  branch = "master"
  name = "honnef.co/go/js/dom"
  packages = ["."]
  revision = "6da835bec70f84cd4f0c0b8a7239a9260b6bc37f"

[solve-meta]
  analyzer-name = "dep"
  analyzer-version = 1
  inputs-digest = "fdd0d443ef847b0a4c1e7454ddc6342d0fb43043371430b924c27d26fd51b1ae"
  solver-name = "gps-cdcl"
  solver-version = 1
